// !$*UTF8*$!
{
	archiveVersion = 1;
	classes = {
	};
	objectVersion = 56;
	objects = {

/* Begin PBXBuildFile section */
		E429D6062B34DB3F0048BF16 /* Admin&LabViewController.swift in Sources */ = {isa = PBXBuildFile; fileRef = E429D6052B34DB3F0048BF16 /* Admin&LabViewController.swift */; };
		E42B1FBC2B321AB0000F6370 /* Keys.swift in Sources */ = {isa = PBXBuildFile; fileRef = E42B1FBB2B321AB0000F6370 /* Keys.swift */; };
		E4DD5FEA2B284D9A00694A69 /* AppDelegate.swift in Sources */ = {isa = PBXBuildFile; fileRef = E4DD5FE92B284D9A00694A69 /* AppDelegate.swift */; };
		E4DD5FEC2B284D9A00694A69 /* SceneDelegate.swift in Sources */ = {isa = PBXBuildFile; fileRef = E4DD5FEB2B284D9A00694A69 /* SceneDelegate.swift */; };
		E4DD5FF12B284D9A00694A69 /* Main.storyboard in Resources */ = {isa = PBXBuildFile; fileRef = E4DD5FEF2B284D9A00694A69 /* Main.storyboard */; };
		E4DD5FF32B284D9B00694A69 /* Assets.xcassets in Resources */ = {isa = PBXBuildFile; fileRef = E4DD5FF22B284D9B00694A69 /* Assets.xcassets */; };
		E4DD5FF62B284D9B00694A69 /* LaunchScreen.storyboard in Resources */ = {isa = PBXBuildFile; fileRef = E4DD5FF42B284D9B00694A69 /* LaunchScreen.storyboard */; };
		E4DD60022B2858A400694A69 /* AdminUser.swift in Sources */ = {isa = PBXBuildFile; fileRef = E4DD60012B2858A400694A69 /* AdminUser.swift */; };
		E4DD60042B2858BC00694A69 /* LabUser.swift in Sources */ = {isa = PBXBuildFile; fileRef = E4DD60032B2858BC00694A69 /* LabUser.swift */; };
		E4DD60062B28595C00694A69 /* PatientUser.swift in Sources */ = {isa = PBXBuildFile; fileRef = E4DD60052B28595C00694A69 /* PatientUser.swift */; };
		E4DD60092B285A5400694A69 /* LoginTableViewController.swift in Sources */ = {isa = PBXBuildFile; fileRef = E4DD60082B285A5400694A69 /* LoginTableViewController.swift */; };
		E4DD600B2B285AD500694A69 /* RegistrationTableViewController.swift in Sources */ = {isa = PBXBuildFile; fileRef = E4DD600A2B285AD500694A69 /* RegistrationTableViewController.swift */; };
		E4DD600D2B285B8300694A69 /* AppData.swift in Sources */ = {isa = PBXBuildFile; fileRef = E4DD600C2B285B8300694A69 /* AppData.swift */; };
		E4DD600F2B285BC100694A69 /* Alerts.swift in Sources */ = {isa = PBXBuildFile; fileRef = E4DD600E2B285BC100694A69 /* Alerts.swift */; };
		E4DD60112B285BF900694A69 /* Persistence.swift in Sources */ = {isa = PBXBuildFile; fileRef = E4DD60102B285BF900694A69 /* Persistence.swift */; };
		E4DD60132B285D1800694A69 /* Admin.storyboard in Resources */ = {isa = PBXBuildFile; fileRef = E4DD60122B285D1800694A69 /* Admin.storyboard */; };
		E4DD60152B285D7200694A69 /* Lab.storyboard in Resources */ = {isa = PBXBuildFile; fileRef = E4DD60142B285D7200694A69 /* Lab.storyboard */; };
		E4DD60172B285D8500694A69 /* Patient.storyboard in Resources */ = {isa = PBXBuildFile; fileRef = E4DD60162B285D8500694A69 /* Patient.storyboard */; };
/* End PBXBuildFile section */

/* Begin PBXFileReference section */
		E429D6052B34DB3F0048BF16 /* Admin&LabViewController.swift */ = {isa = PBXFileReference; lastKnownFileType = sourcecode.swift; path = "Admin&LabViewController.swift"; sourceTree = "<group>"; };
		E42B1FBB2B321AB0000F6370 /* Keys.swift */ = {isa = PBXFileReference; lastKnownFileType = sourcecode.swift; path = Keys.swift; sourceTree = "<group>"; };
		E4DD5FE62B284D9A00694A69 /* Mobile Programming Project.app */ = {isa = PBXFileReference; explicitFileType = wrapper.application; includeInIndex = 0; path = "Mobile Programming Project.app"; sourceTree = BUILT_PRODUCTS_DIR; };
		E4DD5FE92B284D9A00694A69 /* AppDelegate.swift */ = {isa = PBXFileReference; lastKnownFileType = sourcecode.swift; path = AppDelegate.swift; sourceTree = "<group>"; };
		E4DD5FEB2B284D9A00694A69 /* SceneDelegate.swift */ = {isa = PBXFileReference; lastKnownFileType = sourcecode.swift; path = SceneDelegate.swift; sourceTree = "<group>"; };
		E4DD5FF02B284D9A00694A69 /* Base */ = {isa = PBXFileReference; lastKnownFileType = file.storyboard; name = Base; path = Base.lproj/Main.storyboard; sourceTree = "<group>"; };
		E4DD5FF22B284D9B00694A69 /* Assets.xcassets */ = {isa = PBXFileReference; lastKnownFileType = folder.assetcatalog; path = Assets.xcassets; sourceTree = "<group>"; };
		E4DD5FF52B284D9B00694A69 /* Base */ = {isa = PBXFileReference; lastKnownFileType = file.storyboard; name = Base; path = Base.lproj/LaunchScreen.storyboard; sourceTree = "<group>"; };
		E4DD5FF72B284D9B00694A69 /* Info.plist */ = {isa = PBXFileReference; lastKnownFileType = text.plist.xml; path = Info.plist; sourceTree = "<group>"; };
		E4DD60012B2858A400694A69 /* AdminUser.swift */ = {isa = PBXFileReference; lastKnownFileType = sourcecode.swift; path = AdminUser.swift; sourceTree = "<group>"; };
		E4DD60032B2858BC00694A69 /* LabUser.swift */ = {isa = PBXFileReference; lastKnownFileType = sourcecode.swift; path = LabUser.swift; sourceTree = "<group>"; };
		E4DD60052B28595C00694A69 /* PatientUser.swift */ = {isa = PBXFileReference; lastKnownFileType = sourcecode.swift; path = PatientUser.swift; sourceTree = "<group>"; };
		E4DD60082B285A5400694A69 /* LoginTableViewController.swift */ = {isa = PBXFileReference; lastKnownFileType = sourcecode.swift; path = LoginTableViewController.swift; sourceTree = "<group>"; };
		E4DD600A2B285AD500694A69 /* RegistrationTableViewController.swift */ = {isa = PBXFileReference; lastKnownFileType = sourcecode.swift; path = RegistrationTableViewController.swift; sourceTree = "<group>"; };
		E4DD600C2B285B8300694A69 /* AppData.swift */ = {isa = PBXFileReference; lastKnownFileType = sourcecode.swift; path = AppData.swift; sourceTree = "<group>"; };
		E4DD600E2B285BC100694A69 /* Alerts.swift */ = {isa = PBXFileReference; lastKnownFileType = sourcecode.swift; path = Alerts.swift; sourceTree = "<group>"; };
		E4DD60102B285BF900694A69 /* Persistence.swift */ = {isa = PBXFileReference; lastKnownFileType = sourcecode.swift; path = Persistence.swift; sourceTree = "<group>"; };
		E4DD60122B285D1800694A69 /* Admin.storyboard */ = {isa = PBXFileReference; lastKnownFileType = file.storyboard; path = Admin.storyboard; sourceTree = "<group>"; };
		E4DD60142B285D7200694A69 /* Lab.storyboard */ = {isa = PBXFileReference; lastKnownFileType = file.storyboard; path = Lab.storyboard; sourceTree = "<group>"; };
		E4DD60162B285D8500694A69 /* Patient.storyboard */ = {isa = PBXFileReference; lastKnownFileType = file.storyboard; path = Patient.storyboard; sourceTree = "<group>"; };
/* End PBXFileReference section */

/* Begin PBXFrameworksBuildPhase section */
		E4DD5FE32B284D9A00694A69 /* Frameworks */ = {
			isa = PBXFrameworksBuildPhase;
			buildActionMask = 2147483647;
			files = (
			);
			runOnlyForDeploymentPostprocessing = 0;
		};
/* End PBXFrameworksBuildPhase section */

/* Begin PBXGroup section */
		E4DD5FDD2B284D9900694A69 = {
			isa = PBXGroup;
			children = (
				E4DD5FE82B284D9A00694A69 /* Mobile Programming Project */,
				E4DD5FE72B284D9A00694A69 /* Products */,
			);
			sourceTree = "<group>";
		};
		E4DD5FE72B284D9A00694A69 /* Products */ = {
			isa = PBXGroup;
			children = (
				E4DD5FE62B284D9A00694A69 /* Mobile Programming Project.app */,
			);
			name = Products;
			sourceTree = "<group>";
		};
		E4DD5FE82B284D9A00694A69 /* Mobile Programming Project */ = {
			isa = PBXGroup;
			children = (
				E4DD60072B28598E00694A69 /* StoryBoards */,
				E4DD60002B28586E00694A69 /* Models */,
				E4DD5FFF2B28586100694A69 /* Helpers */,
				E4DD5FFE2B28585300694A69 /* Views */,
				E4DD5FFD2B28584700694A69 /* Controllers */,
				E4DD5FE92B284D9A00694A69 /* AppDelegate.swift */,
				E4DD5FEB2B284D9A00694A69 /* SceneDelegate.swift */,
				E4DD5FF22B284D9B00694A69 /* Assets.xcassets */,
				E4DD5FF42B284D9B00694A69 /* LaunchScreen.storyboard */,
				E4DD5FF72B284D9B00694A69 /* Info.plist */,
			);
			path = "Mobile Programming Project";
			sourceTree = "<group>";
		};
		E4DD5FFD2B28584700694A69 /* Controllers */ = {
			isa = PBXGroup;
			children = (
				E4DD60082B285A5400694A69 /* LoginTableViewController.swift */,
				E4DD600A2B285AD500694A69 /* RegistrationTableViewController.swift */,
			);
			path = Controllers;
			sourceTree = "<group>";
		};
		E4DD5FFE2B28585300694A69 /* Views */ = {
			isa = PBXGroup;
			children = (
				E429D6052B34DB3F0048BF16 /* Admin&LabViewController.swift */,
			);
			path = Views;
			sourceTree = "<group>";
		};
		E4DD5FFF2B28586100694A69 /* Helpers */ = {
			isa = PBXGroup;
			children = (
				E4DD600C2B285B8300694A69 /* AppData.swift */,
				E4DD600E2B285BC100694A69 /* Alerts.swift */,
				E4DD60102B285BF900694A69 /* Persistence.swift */,
				E42B1FBB2B321AB0000F6370 /* Keys.swift */,
			);
			path = Helpers;
			sourceTree = "<group>";
		};
		E4DD60002B28586E00694A69 /* Models */ = {
			isa = PBXGroup;
			children = (
				E4DD60052B28595C00694A69 /* PatientUser.swift */,
				E4DD60012B2858A400694A69 /* AdminUser.swift */,
				E4DD60032B2858BC00694A69 /* LabUser.swift */,
			);
			path = Models;
			sourceTree = "<group>";
		};
		E4DD60072B28598E00694A69 /* StoryBoards */ = {
			isa = PBXGroup;
			children = (
				E4DD5FEF2B284D9A00694A69 /* Main.storyboard */,
				E4DD60122B285D1800694A69 /* Admin.storyboard */,
				E4DD60142B285D7200694A69 /* Lab.storyboard */,
				E4DD60162B285D8500694A69 /* Patient.storyboard */,
			);
			path = StoryBoards;
			sourceTree = "<group>";
		};
/* End PBXGroup section */

/* Begin PBXNativeTarget section */
		E4DD5FE52B284D9A00694A69 /* Mobile Programming Project */ = {
			isa = PBXNativeTarget;
			buildConfigurationList = E4DD5FFA2B284D9B00694A69 /* Build configuration list for PBXNativeTarget "Mobile Programming Project" */;
			buildPhases = (
				E4DD5FE22B284D9A00694A69 /* Sources */,
				E4DD5FE32B284D9A00694A69 /* Frameworks */,
				E4DD5FE42B284D9A00694A69 /* Resources */,
			);
			buildRules = (
			);
			dependencies = (
			);
			name = "Mobile Programming Project";
			productName = "Mobile Programming Project";
			productReference = E4DD5FE62B284D9A00694A69 /* Mobile Programming Project.app */;
			productType = "com.apple.product-type.application";
		};
/* End PBXNativeTarget section */

/* Begin PBXProject section */
		E4DD5FDE2B284D9900694A69 /* Project object */ = {
			isa = PBXProject;
			attributes = {
				BuildIndependentTargetsInParallel = 1;
				LastSwiftUpdateCheck = 1500;
				LastUpgradeCheck = 1500;
				TargetAttributes = {
					E4DD5FE52B284D9A00694A69 = {
						CreatedOnToolsVersion = 15.0.1;
					};
				};
			};
			buildConfigurationList = E4DD5FE12B284D9900694A69 /* Build configuration list for PBXProject "Mobile Programming Project" */;
			compatibilityVersion = "Xcode 14.0";
			developmentRegion = en;
			hasScannedForEncodings = 0;
			knownRegions = (
				en,
				Base,
			);
			mainGroup = E4DD5FDD2B284D9900694A69;
			productRefGroup = E4DD5FE72B284D9A00694A69 /* Products */;
			projectDirPath = "";
			projectRoot = "";
			targets = (
				E4DD5FE52B284D9A00694A69 /* Mobile Programming Project */,
			);
		};
/* End PBXProject section */

/* Begin PBXResourcesBuildPhase section */
		E4DD5FE42B284D9A00694A69 /* Resources */ = {
			isa = PBXResourcesBuildPhase;
			buildActionMask = 2147483647;
			files = (
				E4DD60132B285D1800694A69 /* Admin.storyboard in Resources */,
				E4DD5FF62B284D9B00694A69 /* LaunchScreen.storyboard in Resources */,
				E4DD5FF32B284D9B00694A69 /* Assets.xcassets in Resources */,
				E4DD60152B285D7200694A69 /* Lab.storyboard in Resources */,
				E4DD60172B285D8500694A69 /* Patient.storyboard in Resources */,
				E4DD5FF12B284D9A00694A69 /* Main.storyboard in Resources */,
			);
			runOnlyForDeploymentPostprocessing = 0;
		};
/* End PBXResourcesBuildPhase section */

/* Begin PBXSourcesBuildPhase section */
		E4DD5FE22B284D9A00694A69 /* Sources */ = {
			isa = PBXSourcesBuildPhase;
			buildActionMask = 2147483647;
			files = (
				E4DD60062B28595C00694A69 /* PatientUser.swift in Sources */,
				E429D6062B34DB3F0048BF16 /* Admin&LabViewController.swift in Sources */,
				E42B1FBC2B321AB0000F6370 /* Keys.swift in Sources */,
				E4DD60042B2858BC00694A69 /* LabUser.swift in Sources */,
				E4DD5FEA2B284D9A00694A69 /* AppDelegate.swift in Sources */,
				E4DD600D2B285B8300694A69 /* AppData.swift in Sources */,
				E4DD5FEC2B284D9A00694A69 /* SceneDelegate.swift in Sources */,
				E4DD60022B2858A400694A69 /* AdminUser.swift in Sources */,
				E4DD60092B285A5400694A69 /* LoginTableViewController.swift in Sources */,
				E4DD600F2B285BC100694A69 /* Alerts.swift in Sources */,
				E4DD600B2B285AD500694A69 /* RegistrationTableViewController.swift in Sources */,
				E4DD60112B285BF900694A69 /* Persistence.swift in Sources */,
			);
			runOnlyForDeploymentPostprocessing = 0;
		};
/* End PBXSourcesBuildPhase section */

/* Begin PBXVariantGroup section */
		E4DD5FEF2B284D9A00694A69 /* Main.storyboard */ = {
			isa = PBXVariantGroup;
			children = (
				E4DD5FF02B284D9A00694A69 /* Base */,
			);
			name = Main.storyboard;
			sourceTree = "<group>";
		};
		E4DD5FF42B284D9B00694A69 /* LaunchScreen.storyboard */ = {
			isa = PBXVariantGroup;
			children = (
				E4DD5FF52B284D9B00694A69 /* Base */,
			);
			name = LaunchScreen.storyboard;
			sourceTree = "<group>";
		};
/* End PBXVariantGroup section */

/* Begin XCBuildConfiguration section */
		E4DD5FF82B284D9B00694A69 /* Debug */ = {
			isa = XCBuildConfiguration;
			buildSettings = {
				ALWAYS_SEARCH_USER_PATHS = NO;
				ASSETCATALOG_COMPILER_GENERATE_SWIFT_ASSET_SYMBOL_EXTENSIONS = YES;
				CLANG_ANALYZER_NONNULL = YES;
				CLANG_ANALYZER_NUMBER_OBJECT_CONVERSION = YES_AGGRESSIVE;
				CLANG_CXX_LANGUAGE_STANDARD = "gnu++20";
				CLANG_ENABLE_MODULES = YES;
				CLANG_ENABLE_OBJC_ARC = YES;
				CLANG_ENABLE_OBJC_WEAK = YES;
				CLANG_WARN_BLOCK_CAPTURE_AUTORELEASING = YES;
				CLANG_WARN_BOOL_CONVERSION = YES;
				CLANG_WARN_COMMA = YES;
				CLANG_WARN_CONSTANT_CONVERSION = YES;
				CLANG_WARN_DEPRECATED_OBJC_IMPLEMENTATIONS = YES;
				CLANG_WARN_DIRECT_OBJC_ISA_USAGE = YES_ERROR;
				CLANG_WARN_DOCUMENTATION_COMMENTS = YES;
				CLANG_WARN_EMPTY_BODY = YES;
				CLANG_WARN_ENUM_CONVERSION = YES;
				CLANG_WARN_INFINITE_RECURSION = YES;
				CLANG_WARN_INT_CONVERSION = YES;
				CLANG_WARN_NON_LITERAL_NULL_CONVERSION = YES;
				CLANG_WARN_OBJC_IMPLICIT_RETAIN_SELF = YES;
				CLANG_WARN_OBJC_LITERAL_CONVERSION = YES;
				CLANG_WARN_OBJC_ROOT_CLASS = YES_ERROR;
				CLANG_WARN_QUOTED_INCLUDE_IN_FRAMEWORK_HEADER = YES;
				CLANG_WARN_RANGE_LOOP_ANALYSIS = YES;
				CLANG_WARN_STRICT_PROTOTYPES = YES;
				CLANG_WARN_SUSPICIOUS_MOVE = YES;
				CLANG_WARN_UNGUARDED_AVAILABILITY = YES_AGGRESSIVE;
				CLANG_WARN_UNREACHABLE_CODE = YES;
				CLANG_WARN__DUPLICATE_METHOD_MATCH = YES;
				COPY_PHASE_STRIP = NO;
				DEBUG_INFORMATION_FORMAT = dwarf;
				ENABLE_STRICT_OBJC_MSGSEND = YES;
				ENABLE_TESTABILITY = YES;
				ENABLE_USER_SCRIPT_SANDBOXING = YES;
				GCC_C_LANGUAGE_STANDARD = gnu17;
				GCC_DYNAMIC_NO_PIC = NO;
				GCC_NO_COMMON_BLOCKS = YES;
				GCC_OPTIMIZATION_LEVEL = 0;
				GCC_PREPROCESSOR_DEFINITIONS = (
					"DEBUG=1",
					"$(inherited)",
				);
				GCC_WARN_64_TO_32_BIT_CONVERSION = YES;
				GCC_WARN_ABOUT_RETURN_TYPE = YES_ERROR;
				GCC_WARN_UNDECLARED_SELECTOR = YES;
				GCC_WARN_UNINITIALIZED_AUTOS = YES_AGGRESSIVE;
				GCC_WARN_UNUSED_FUNCTION = YES;
				GCC_WARN_UNUSED_VARIABLE = YES;
				IPHONEOS_DEPLOYMENT_TARGET = 17.0;
				LOCALIZATION_PREFERS_STRING_CATALOGS = YES;
				MTL_ENABLE_DEBUG_INFO = INCLUDE_SOURCE;
				MTL_FAST_MATH = YES;
				ONLY_ACTIVE_ARCH = YES;
				SDKROOT = iphoneos;
				SWIFT_ACTIVE_COMPILATION_CONDITIONS = "DEBUG $(inherited)";
				SWIFT_OPTIMIZATION_LEVEL = "-Onone";
			};
			name = Debug;
		};
		E4DD5FF92B284D9B00694A69 /* Release */ = {
			isa = XCBuildConfiguration;
			buildSettings = {
				ALWAYS_SEARCH_USER_PATHS = NO;
				ASSETCATALOG_COMPILER_GENERATE_SWIFT_ASSET_SYMBOL_EXTENSIONS = YES;
				CLANG_ANALYZER_NONNULL = YES;
				CLANG_ANALYZER_NUMBER_OBJECT_CONVERSION = YES_AGGRESSIVE;
				CLANG_CXX_LANGUAGE_STANDARD = "gnu++20";
				CLANG_ENABLE_MODULES = YES;
				CLANG_ENABLE_OBJC_ARC = YES;
				CLANG_ENABLE_OBJC_WEAK = YES;
				CLANG_WARN_BLOCK_CAPTURE_AUTORELEASING = YES;
				CLANG_WARN_BOOL_CONVERSION = YES;
				CLANG_WARN_COMMA = YES;
				CLANG_WARN_CONSTANT_CONVERSION = YES;
				CLANG_WARN_DEPRECATED_OBJC_IMPLEMENTATIONS = YES;
				CLANG_WARN_DIRECT_OBJC_ISA_USAGE = YES_ERROR;
				CLANG_WARN_DOCUMENTATION_COMMENTS = YES;
				CLANG_WARN_EMPTY_BODY = YES;
				CLANG_WARN_ENUM_CONVERSION = YES;
				CLANG_WARN_INFINITE_RECURSION = YES;
				CLANG_WARN_INT_CONVERSION = YES;
				CLANG_WARN_NON_LITERAL_NULL_CONVERSION = YES;
				CLANG_WARN_OBJC_IMPLICIT_RETAIN_SELF = YES;
				CLANG_WARN_OBJC_LITERAL_CONVERSION = YES;
				CLANG_WARN_OBJC_ROOT_CLASS = YES_ERROR;
				CLANG_WARN_QUOTED_INCLUDE_IN_FRAMEWORK_HEADER = YES;
				CLANG_WARN_RANGE_LOOP_ANALYSIS = YES;
				CLANG_WARN_STRICT_PROTOTYPES = YES;
				CLANG_WARN_SUSPICIOUS_MOVE = YES;
				CLANG_WARN_UNGUARDED_AVAILABILITY = YES_AGGRESSIVE;
				CLANG_WARN_UNREACHABLE_CODE = YES;
				CLANG_WARN__DUPLICATE_METHOD_MATCH = YES;
				COPY_PHASE_STRIP = NO;
				DEBUG_INFORMATION_FORMAT = "dwarf-with-dsym";
				ENABLE_NS_ASSERTIONS = NO;
				ENABLE_STRICT_OBJC_MSGSEND = YES;
				ENABLE_USER_SCRIPT_SANDBOXING = YES;
				GCC_C_LANGUAGE_STANDARD = gnu17;
				GCC_NO_COMMON_BLOCKS = YES;
				GCC_WARN_64_TO_32_BIT_CONVERSION = YES;
				GCC_WARN_ABOUT_RETURN_TYPE = YES_ERROR;
				GCC_WARN_UNDECLARED_SELECTOR = YES;
				GCC_WARN_UNINITIALIZED_AUTOS = YES_AGGRESSIVE;
				GCC_WARN_UNUSED_FUNCTION = YES;
				GCC_WARN_UNUSED_VARIABLE = YES;
				IPHONEOS_DEPLOYMENT_TARGET = 17.0;
				LOCALIZATION_PREFERS_STRING_CATALOGS = YES;
				MTL_ENABLE_DEBUG_INFO = NO;
				MTL_FAST_MATH = YES;
				SDKROOT = iphoneos;
				SWIFT_COMPILATION_MODE = wholemodule;
				VALIDATE_PRODUCT = YES;
			};
			name = Release;
		};
		E4DD5FFB2B284D9B00694A69 /* Debug */ = {
			isa = XCBuildConfiguration;
			buildSettings = {
				ASSETCATALOG_COMPILER_APPICON_NAME = AppIcon;
				ASSETCATALOG_COMPILER_GLOBAL_ACCENT_COLOR_NAME = AccentColor;
				CODE_SIGN_STYLE = Automatic;
				CURRENT_PROJECT_VERSION = 1;
				GENERATE_INFOPLIST_FILE = YES;
				INFOPLIST_FILE = "Mobile Programming Project/Info.plist";
				INFOPLIST_KEY_UIApplicationSupportsIndirectInputEvents = YES;
				INFOPLIST_KEY_UILaunchStoryboardName = LaunchScreen;
				INFOPLIST_KEY_UIMainStoryboardFile = Main;
				INFOPLIST_KEY_UISupportedInterfaceOrientations_iPad = "UIInterfaceOrientationPortrait UIInterfaceOrientationPortraitUpsideDown UIInterfaceOrientationLandscapeLeft UIInterfaceOrientationLandscapeRight";
				INFOPLIST_KEY_UISupportedInterfaceOrientations_iPhone = "UIInterfaceOrientationPortrait UIInterfaceOrientationLandscapeLeft UIInterfaceOrientationLandscapeRight";
				LD_RUNPATH_SEARCH_PATHS = (
					"$(inherited)",
					"@executable_path/Frameworks",
				);
				MARKETING_VERSION = 1.0;
				PRODUCT_BUNDLE_IDENTIFIER = "bh.polytechnic.Mobile-Programming-Project";
				PRODUCT_NAME = "$(TARGET_NAME)";
				SWIFT_EMIT_LOC_STRINGS = YES;
				SWIFT_VERSION = 5.0;
				TARGETED_DEVICE_FAMILY = "1,2";
			};
			name = Debug;
		};
		E4DD5FFC2B284D9B00694A69 /* Release */ = {
			isa = XCBuildConfiguration;
			buildSettings = {
				ASSETCATALOG_COMPILER_APPICON_NAME = AppIcon;
				ASSETCATALOG_COMPILER_GLOBAL_ACCENT_COLOR_NAME = AccentColor;
				CODE_SIGN_STYLE = Automatic;
				CURRENT_PROJECT_VERSION = 1;
				GENERATE_INFOPLIST_FILE = YES;
				INFOPLIST_FILE = "Mobile Programming Project/Info.plist";
				INFOPLIST_KEY_UIApplicationSupportsIndirectInputEvents = YES;
				INFOPLIST_KEY_UILaunchStoryboardName = LaunchScreen;
				INFOPLIST_KEY_UIMainStoryboardFile = Main;
				INFOPLIST_KEY_UISupportedInterfaceOrientations_iPad = "UIInterfaceOrientationPortrait UIInterfaceOrientationPortraitUpsideDown UIInterfaceOrientationLandscapeLeft UIInterfaceOrientationLandscapeRight";
				INFOPLIST_KEY_UISupportedInterfaceOrientations_iPhone = "UIInterfaceOrientationPortrait UIInterfaceOrientationLandscapeLeft UIInterfaceOrientationLandscapeRight";
				LD_RUNPATH_SEARCH_PATHS = (
					"$(inherited)",
					"@executable_path/Frameworks",
				);
				MARKETING_VERSION = 1.0;
				PRODUCT_BUNDLE_IDENTIFIER = "bh.polytechnic.Mobile-Programming-Project";
				PRODUCT_NAME = "$(TARGET_NAME)";
				SWIFT_EMIT_LOC_STRINGS = YES;
				SWIFT_VERSION = 5.0;
				TARGETED_DEVICE_FAMILY = "1,2";
			};
			name = Release;
		};
/* End XCBuildConfiguration section */

/* Begin XCConfigurationList section */
		E4DD5FE12B284D9900694A69 /* Build configuration list for PBXProject "Mobile Programming Project" */ = {
			isa = XCConfigurationList;
			buildConfigurations = (
				E4DD5FF82B284D9B00694A69 /* Debug */,
				E4DD5FF92B284D9B00694A69 /* Release */,
			);
			defaultConfigurationIsVisible = 0;
			defaultConfigurationName = Release;
		};
		E4DD5FFA2B284D9B00694A69 /* Build configuration list for PBXNativeTarget "Mobile Programming Project" */ = {
			isa = XCConfigurationList;
			buildConfigurations = (
				E4DD5FFB2B284D9B00694A69 /* Debug */,
				E4DD5FFC2B284D9B00694A69 /* Release */,
			);
			defaultConfigurationIsVisible = 0;
			defaultConfigurationName = Release;
		};
/* End XCConfigurationList section */
	};
	rootObject = E4DD5FDE2B284D9900694A69 /* Project object */;
}
